
Microsoft Visual Studio Solution File, Format Version 12.00
# Visual Studio Version 16
VisualStudioVersion = 16.0.33214.272
MinimumVisualStudioVersion = 10.0.40219.1
Project("{FAE04EC0-301F-11D3-BF4B-00C04F79EFBC}") = "ConsoleApp31", "ConsoleApp31\ConsoleApp31.csproj", "{0F6A99A7-D1F9-430B-99AF-5068E376DA77}"
EndProject
Global
	GlobalSection(SolutionConfigurationPlatforms) = preSolution
		Debug|Any CPU = Debug|Any CPU
		Release|Any CPU = Release|Any CPU
	EndGlobalSection
	GlobalSection(ProjectConfigurationPlatforms) = postSolution
		{0F6A99A7-D1F9-430B-99AF-5068E376DA77}.Debug|Any CPU.ActiveCfg = Debug|Any CPU
		{0F6A99A7-D1F9-430B-99AF-5068E376DA77}.Debug|Any CPU.Build.0 = Debug|Any CPU
		{0F6A99A7-D1F9-430B-99AF-5068E376DA77}.Release|Any CPU.ActiveCfg = Release|Any CPU
		{0F6A99A7-D1F9-430B-99AF-5068E376DA77}.Release|Any CPU.Build.0 = Release|Any CPU
	EndGlobalSection
	GlobalSection(SolutionProperties) = preSolution
		HideSolutionNode = FALSE
	EndGlobalSection
	GlobalSection(ExtensibilityGlobals) = postSolution
		SolutionGuid = {04E5B2D4-F3F1-465A-AC6B-40DC1C2B53C5}
	EndGlobalSection
EndGlobal
